
Microsoft Visual Studio Solution File, Format Version 12.00
# Visual Studio 15
VisualStudioVersion = 15.0.26430.15
MinimumVisualStudioVersion = 10.0.40219.1
Project("{8BC9CEB8-8B4A-11D0-8D11-00A0C91BC942}") = "exam1", "exam1\exam1.vcxproj", "{9E4EDF64-8D42-4E54-A2C8-47C454909365}"
EndProject
Project("{8BC9CEB8-8B4A-11D0-8D11-00A0C91BC942}") = "exam2", "exam2\exam2.vcxproj", "{FFB2D7F0-1F8F-473C-8A07-D7E77A692492}"
EndProject
Project("{8BC9CEB8-8B4A-11D0-8D11-00A0C91BC942}") = "exam3", "exam3\exam3.vcxproj", "{B552F2C2-41E8-43F2-AB2C-30029578ADD5}"
EndProject
Project("{8BC9CEB8-8B4A-11D0-8D11-00A0C91BC942}") = "exam4", "exam4\exam4.vcxproj", "{4F6B8436-D207-483B-AC51-3A2DCD01BE7A}"
EndProject
Project("{8BC9CEB8-8B4A-11D0-8D11-00A0C91BC942}") = "exam9_memo", "exam9_memo\exam9_memo.vcxproj", "{739C5E5D-1E59-4819-A094-CE28BC609FD3}"
EndProject
Project("{8BC9CEB8-8B4A-11D0-8D11-00A0C91BC942}") = "exam5", "exam5\exam5.vcxproj", "{6F575469-4DCC-4672-8F73-681BBC6BBA19}"
EndProject
Project("{8BC9CEB8-8B4A-11D0-8D11-00A0C91BC942}") = "exam6", "exam6\exam6.vcxproj", "{084EDE25-0E38-4622-93AD-57502B3BAF6B}"
EndProject
Project("{8BC9CEB8-8B4A-11D0-8D11-00A0C91BC942}") = "exam7", "exam7\exam7.vcxproj", "{9341B878-8CC5-4A1F-9AFF-7C01C51A0F77}"
EndProject
Project("{8BC9CEB8-8B4A-11D0-8D11-00A0C91BC942}") = "exam8", "exam8\exam8.vcxproj", "{6F4AAC0F-C173-4068-B02A-CC3CA956D81F}"
EndProject
Project("{8BC9CEB8-8B4A-11D0-8D11-00A0C91BC942}") = "exam9", "exam9\exam9.vcxproj", "{2D3F29B3-9E73-4CC7-B4E5-C97ABCBDE0FA}"
EndProject
Global
	GlobalSection(SolutionConfigurationPlatforms) = preSolution
		Debug|x64 = Debug|x64
		Debug|x86 = Debug|x86
		Release|x64 = Release|x64
		Release|x86 = Release|x86
	EndGlobalSection
	GlobalSection(ProjectConfigurationPlatforms) = postSolution
		{9E4EDF64-8D42-4E54-A2C8-47C454909365}.Debug|x64.ActiveCfg = Debug|x64
		{9E4EDF64-8D42-4E54-A2C8-47C454909365}.Debug|x64.Build.0 = Debug|x64
		{9E4EDF64-8D42-4E54-A2C8-47C454909365}.Debug|x86.ActiveCfg = Debug|Win32
		{9E4EDF64-8D42-4E54-A2C8-47C454909365}.Debug|x86.Build.0 = Debug|Win32
		{9E4EDF64-8D42-4E54-A2C8-47C454909365}.Release|x64.ActiveCfg = Release|x64
		{9E4EDF64-8D42-4E54-A2C8-47C454909365}.Release|x64.Build.0 = Release|x64
		{9E4EDF64-8D42-4E54-A2C8-47C454909365}.Release|x86.ActiveCfg = Release|Win32
		{9E4EDF64-8D42-4E54-A2C8-47C454909365}.Release|x86.Build.0 = Release|Win32
		{FFB2D7F0-1F8F-473C-8A07-D7E77A692492}.Debug|x64.ActiveCfg = Debug|x64
		{FFB2D7F0-1F8F-473C-8A07-D7E77A692492}.Debug|x64.Build.0 = Debug|x64
		{FFB2D7F0-1F8F-473C-8A07-D7E77A692492}.Debug|x86.ActiveCfg = Debug|Win32
		{FFB2D7F0-1F8F-473C-8A07-D7E77A692492}.Debug|x86.Build.0 = Debug|Win32
		{FFB2D7F0-1F8F-473C-8A07-D7E77A692492}.Release|x64.ActiveCfg = Release|x64
		{FFB2D7F0-1F8F-473C-8A07-D7E77A692492}.Release|x64.Build.0 = Release|x64
		{FFB2D7F0-1F8F-473C-8A07-D7E77A692492}.Release|x86.ActiveCfg = Release|Win32
		{FFB2D7F0-1F8F-473C-8A07-D7E77A692492}.Release|x86.Build.0 = Release|Win32
		{B552F2C2-41E8-43F2-AB2C-30029578ADD5}.Debug|x64.ActiveCfg = Debug|x64
		{B552F2C2-41E8-43F2-AB2C-30029578ADD5}.Debug|x64.Build.0 = Debug|x64
		{B552F2C2-41E8-43F2-AB2C-30029578ADD5}.Debug|x86.ActiveCfg = Debug|Win32
		{B552F2C2-41E8-43F2-AB2C-30029578ADD5}.Debug|x86.Build.0 = Debug|Win32
		{B552F2C2-41E8-43F2-AB2C-30029578ADD5}.Release|x64.ActiveCfg = Release|x64
		{B552F2C2-41E8-43F2-AB2C-30029578ADD5}.Release|x64.Build.0 = Release|x64
		{B552F2C2-41E8-43F2-AB2C-30029578ADD5}.Release|x86.ActiveCfg = Release|Win32
		{B552F2C2-41E8-43F2-AB2C-30029578ADD5}.Release|x86.Build.0 = Release|Win32
		{4F6B8436-D207-483B-AC51-3A2DCD01BE7A}.Debug|x64.ActiveCfg = Debug|x64
		{4F6B8436-D207-483B-AC51-3A2DCD01BE7A}.Debug|x64.Build.0 = Debug|x64
		{4F6B8436-D207-483B-AC51-3A2DCD01BE7A}.Debug|x86.ActiveCfg = Debug|Win32
		{4F6B8436-D207-483B-AC51-3A2DCD01BE7A}.Debug|x86.Build.0 = Debug|Win32
		{4F6B8436-D207-483B-AC51-3A2DCD01BE7A}.Release|x64.ActiveCfg = Release|x64
		{4F6B8436-D207-483B-AC51-3A2DCD01BE7A}.Release|x64.Build.0 = Release|x64
		{4F6B8436-D207-483B-AC51-3A2DCD01BE7A}.Release|x86.ActiveCfg = Release|Win32
		{4F6B8436-D207-483B-AC51-3A2DCD01BE7A}.Release|x86.Build.0 = Release|Win32
		{739C5E5D-1E59-4819-A094-CE28BC609FD3}.Debug|x64.ActiveCfg = Debug|x64
		{739C5E5D-1E59-4819-A094-CE28BC609FD3}.Debug|x64.Build.0 = Debug|x64
		{739C5E5D-1E59-4819-A094-CE28BC609FD3}.Debug|x86.ActiveCfg = Debug|Win32
		{739C5E5D-1E59-4819-A094-CE28BC609FD3}.Debug|x86.Build.0 = Debug|Win32
		{739C5E5D-1E59-4819-A094-CE28BC609FD3}.Release|x64.ActiveCfg = Release|x64
		{739C5E5D-1E59-4819-A094-CE28BC609FD3}.Release|x64.Build.0 = Release|x64
		{739C5E5D-1E59-4819-A094-CE28BC609FD3}.Release|x86.ActiveCfg = Release|Win32
		{739C5E5D-1E59-4819-A094-CE28BC609FD3}.Release|x86.Build.0 = Release|Win32
		{6F575469-4DCC-4672-8F73-681BBC6BBA19}.Debug|x64.ActiveCfg = Debug|x64
		{6F575469-4DCC-4672-8F73-681BBC6BBA19}.Debug|x64.Build.0 = Debug|x64
		{6F575469-4DCC-4672-8F73-681BBC6BBA19}.Debug|x86.ActiveCfg = Debug|Win32
		{6F575469-4DCC-4672-8F73-681BBC6BBA19}.Debug|x86.Build.0 = Debug|Win32
		{6F575469-4DCC-4672-8F73-681BBC6BBA19}.Release|x64.ActiveCfg = Release|x64
		{6F575469-4DCC-4672-8F73-681BBC6BBA19}.Release|x64.Build.0 = Release|x64
		{6F575469-4DCC-4672-8F73-681BBC6BBA19}.Release|x86.ActiveCfg = Release|Win32
		{6F575469-4DCC-4672-8F73-681BBC6BBA19}.Release|x86.Build.0 = Release|Win32
		{084EDE25-0E38-4622-93AD-57502B3BAF6B}.Debug|x64.ActiveCfg = Debug|x64
		{084EDE25-0E38-4622-93AD-57502B3BAF6B}.Debug|x64.Build.0 = Debug|x64
		{084EDE25-0E38-4622-93AD-57502B3BAF6B}.Debug|x86.ActiveCfg = Debug|Win32
		{084EDE25-0E38-4622-93AD-57502B3BAF6B}.Debug|x86.Build.0 = Debug|Win32
		{084EDE25-0E38-4622-93AD-57502B3BAF6B}.Release|x64.ActiveCfg = Release|x64
		{084EDE25-0E38-4622-93AD-57502B3BAF6B}.Release|x64.Build.0 = Release|x64
		{084EDE25-0E38-4622-93AD-57502B3BAF6B}.Release|x86.ActiveCfg = Release|Win32
		{084EDE25-0E38-4622-93AD-57502B3BAF6B}.Release|x86.Build.0 = Release|Win32
		{9341B878-8CC5-4A1F-9AFF-7C01C51A0F77}.Debug|x64.ActiveCfg = Debug|x64
		{9341B878-8CC5-4A1F-9AFF-7C01C51A0F77}.Debug|x64.Build.0 = Debug|x64
		{9341B878-8CC5-4A1F-9AFF-7C01C51A0F77}.Debug|x86.ActiveCfg = Debug|Win32
		{9341B878-8CC5-4A1F-9AFF-7C01C51A0F77}.Debug|x86.Build.0 = Debug|Win32
		{9341B878-8CC5-4A1F-9AFF-7C01C51A0F77}.Release|x64.ActiveCfg = Release|x64
		{9341B878-8CC5-4A1F-9AFF-7C01C51A0F77}.Release|x64.Build.0 = Release|x64
		{9341B878-8CC5-4A1F-9AFF-7C01C51A0F77}.Release|x86.ActiveCfg = Release|Win32
		{9341B878-8CC5-4A1F-9AFF-7C01C51A0F77}.Release|x86.Build.0 = Release|Win32
		{6F4AAC0F-C173-4068-B02A-CC3CA956D81F}.Debug|x64.ActiveCfg = Debug|x64
		{6F4AAC0F-C173-4068-B02A-CC3CA956D81F}.Debug|x64.Build.0 = Debug|x64
		{6F4AAC0F-C173-4068-B02A-CC3CA956D81F}.Debug|x86.ActiveCfg = Debug|Win32
		{6F4AAC0F-C173-4068-B02A-CC3CA956D81F}.Debug|x86.Build.0 = Debug|Win32
		{6F4AAC0F-C173-4068-B02A-CC3CA956D81F}.Release|x64.ActiveCfg = Release|x64
		{6F4AAC0F-C173-4068-B02A-CC3CA956D81F}.Release|x64.Build.0 = Release|x64
		{6F4AAC0F-C173-4068-B02A-CC3CA956D81F}.Release|x86.ActiveCfg = Release|Win32
		{6F4AAC0F-C173-4068-B02A-CC3CA956D81F}.Release|x86.Build.0 = Release|Win32
		{2D3F29B3-9E73-4CC7-B4E5-C97ABCBDE0FA}.Debug|x64.ActiveCfg = Debug|x64
		{2D3F29B3-9E73-4CC7-B4E5-C97ABCBDE0FA}.Debug|x64.Build.0 = Debug|x64
		{2D3F29B3-9E73-4CC7-B4E5-C97ABCBDE0FA}.Debug|x86.ActiveCfg = Debug|Win32
		{2D3F29B3-9E73-4CC7-B4E5-C97ABCBDE0FA}.Debug|x86.Build.0 = Debug|Win32
		{2D3F29B3-9E73-4CC7-B4E5-C97ABCBDE0FA}.Release|x64.ActiveCfg = Release|x64
		{2D3F29B3-9E73-4CC7-B4E5-C97ABCBDE0FA}.Release|x64.Build.0 = Release|x64
		{2D3F29B3-9E73-4CC7-B4E5-C97ABCBDE0FA}.Release|x86.ActiveCfg = Release|Win32
		{2D3F29B3-9E73-4CC7-B4E5-C97ABCBDE0FA}.Release|x86.Build.0 = Release|Win32
	EndGlobalSection
	GlobalSection(SolutionProperties) = preSolution
		HideSolutionNode = FALSE
	EndGlobalSection
EndGlobal
