
Microsoft Visual Studio Solution File, Format Version 12.00
# Visual Studio 15
VisualStudioVersion = 15.0.26430.14
MinimumVisualStudioVersion = 10.0.40219.1
Project("{8BC9CEB8-8B4A-11D0-8D11-00A0C91BC942}") = "exam1", "exam1\exam1.vcxproj", "{6E1C4E0E-7DAC-4A53-AD1D-817392F2487C}"
EndProject
Project("{8BC9CEB8-8B4A-11D0-8D11-00A0C91BC942}") = "exam2", "exam2\exam2.vcxproj", "{F38B762F-6340-4CA9-9952-309E2E99D0FC}"
EndProject
Project("{8BC9CEB8-8B4A-11D0-8D11-00A0C91BC942}") = "exam3", "exam3\exam3.vcxproj", "{9E7D0C87-65F2-4A82-A7CF-397447D16930}"
EndProject
Project("{8BC9CEB8-8B4A-11D0-8D11-00A0C91BC942}") = "exam4", "exam4\exam4.vcxproj", "{1A10BA43-5ED3-45CA-920A-D4766376C0EA}"
EndProject
Project("{8BC9CEB8-8B4A-11D0-8D11-00A0C91BC942}") = "exam5", "exam5\exam5.vcxproj", "{BAACBE3A-E055-49AC-96C0-C0495B9B44D2}"
EndProject
Project("{8BC9CEB8-8B4A-11D0-8D11-00A0C91BC942}") = "exam6", "exam6\exam6.vcxproj", "{D4AE271E-700D-4A2A-9AC6-6519C4044B33}"
EndProject
Project("{8BC9CEB8-8B4A-11D0-8D11-00A0C91BC942}") = "exam7", "exam7\exam7.vcxproj", "{FC71E67A-2CAA-4FEB-8487-04DD86A99150}"
EndProject
Project("{8BC9CEB8-8B4A-11D0-8D11-00A0C91BC942}") = "exam8", "exam8\exam8.vcxproj", "{E6B039FB-BBC1-4A61-A191-236079B7DDF3}"
EndProject
Project("{8BC9CEB8-8B4A-11D0-8D11-00A0C91BC942}") = "exam9", "exam9\exam9.vcxproj", "{36056E11-7494-48A7-8564-E6EBDFE96D85}"
EndProject
Project("{8BC9CEB8-8B4A-11D0-8D11-00A0C91BC942}") = "exam10", "exam10\exam10.vcxproj", "{638A3D54-CA6B-48C3-8E62-C0160EB7BEAC}"
EndProject
Project("{8BC9CEB8-8B4A-11D0-8D11-00A0C91BC942}") = "exam11", "exam11\exam11.vcxproj", "{24DA3900-478C-4E3C-AD90-EB0C5B6DC502}"
EndProject
Global
	GlobalSection(SolutionConfigurationPlatforms) = preSolution
		Debug|x64 = Debug|x64
		Debug|x86 = Debug|x86
		Release|x64 = Release|x64
		Release|x86 = Release|x86
	EndGlobalSection
	GlobalSection(ProjectConfigurationPlatforms) = postSolution
		{6E1C4E0E-7DAC-4A53-AD1D-817392F2487C}.Debug|x64.ActiveCfg = Debug|x64
		{6E1C4E0E-7DAC-4A53-AD1D-817392F2487C}.Debug|x64.Build.0 = Debug|x64
		{6E1C4E0E-7DAC-4A53-AD1D-817392F2487C}.Debug|x86.ActiveCfg = Debug|Win32
		{6E1C4E0E-7DAC-4A53-AD1D-817392F2487C}.Debug|x86.Build.0 = Debug|Win32
		{6E1C4E0E-7DAC-4A53-AD1D-817392F2487C}.Release|x64.ActiveCfg = Release|x64
		{6E1C4E0E-7DAC-4A53-AD1D-817392F2487C}.Release|x64.Build.0 = Release|x64
		{6E1C4E0E-7DAC-4A53-AD1D-817392F2487C}.Release|x86.ActiveCfg = Release|Win32
		{6E1C4E0E-7DAC-4A53-AD1D-817392F2487C}.Release|x86.Build.0 = Release|Win32
		{F38B762F-6340-4CA9-9952-309E2E99D0FC}.Debug|x64.ActiveCfg = Debug|x64
		{F38B762F-6340-4CA9-9952-309E2E99D0FC}.Debug|x64.Build.0 = Debug|x64
		{F38B762F-6340-4CA9-9952-309E2E99D0FC}.Debug|x86.ActiveCfg = Debug|Win32
		{F38B762F-6340-4CA9-9952-309E2E99D0FC}.Debug|x86.Build.0 = Debug|Win32
		{F38B762F-6340-4CA9-9952-309E2E99D0FC}.Release|x64.ActiveCfg = Release|x64
		{F38B762F-6340-4CA9-9952-309E2E99D0FC}.Release|x64.Build.0 = Release|x64
		{F38B762F-6340-4CA9-9952-309E2E99D0FC}.Release|x86.ActiveCfg = Release|Win32
		{F38B762F-6340-4CA9-9952-309E2E99D0FC}.Release|x86.Build.0 = Release|Win32
		{9E7D0C87-65F2-4A82-A7CF-397447D16930}.Debug|x64.ActiveCfg = Debug|x64
		{9E7D0C87-65F2-4A82-A7CF-397447D16930}.Debug|x64.Build.0 = Debug|x64
		{9E7D0C87-65F2-4A82-A7CF-397447D16930}.Debug|x86.ActiveCfg = Debug|Win32
		{9E7D0C87-65F2-4A82-A7CF-397447D16930}.Debug|x86.Build.0 = Debug|Win32
		{9E7D0C87-65F2-4A82-A7CF-397447D16930}.Release|x64.ActiveCfg = Release|x64
		{9E7D0C87-65F2-4A82-A7CF-397447D16930}.Release|x64.Build.0 = Release|x64
		{9E7D0C87-65F2-4A82-A7CF-397447D16930}.Release|x86.ActiveCfg = Release|Win32
		{9E7D0C87-65F2-4A82-A7CF-397447D16930}.Release|x86.Build.0 = Release|Win32
		{1A10BA43-5ED3-45CA-920A-D4766376C0EA}.Debug|x64.ActiveCfg = Debug|x64
		{1A10BA43-5ED3-45CA-920A-D4766376C0EA}.Debug|x64.Build.0 = Debug|x64
		{1A10BA43-5ED3-45CA-920A-D4766376C0EA}.Debug|x86.ActiveCfg = Debug|Win32
		{1A10BA43-5ED3-45CA-920A-D4766376C0EA}.Debug|x86.Build.0 = Debug|Win32
		{1A10BA43-5ED3-45CA-920A-D4766376C0EA}.Release|x64.ActiveCfg = Release|x64
		{1A10BA43-5ED3-45CA-920A-D4766376C0EA}.Release|x64.Build.0 = Release|x64
		{1A10BA43-5ED3-45CA-920A-D4766376C0EA}.Release|x86.ActiveCfg = Release|Win32
		{1A10BA43-5ED3-45CA-920A-D4766376C0EA}.Release|x86.Build.0 = Release|Win32
		{BAACBE3A-E055-49AC-96C0-C0495B9B44D2}.Debug|x64.ActiveCfg = Debug|x64
		{BAACBE3A-E055-49AC-96C0-C0495B9B44D2}.Debug|x64.Build.0 = Debug|x64
		{BAACBE3A-E055-49AC-96C0-C0495B9B44D2}.Debug|x86.ActiveCfg = Debug|Win32
		{BAACBE3A-E055-49AC-96C0-C0495B9B44D2}.Debug|x86.Build.0 = Debug|Win32
		{BAACBE3A-E055-49AC-96C0-C0495B9B44D2}.Release|x64.ActiveCfg = Release|x64
		{BAACBE3A-E055-49AC-96C0-C0495B9B44D2}.Release|x64.Build.0 = Release|x64
		{BAACBE3A-E055-49AC-96C0-C0495B9B44D2}.Release|x86.ActiveCfg = Release|Win32
		{BAACBE3A-E055-49AC-96C0-C0495B9B44D2}.Release|x86.Build.0 = Release|Win32
		{D4AE271E-700D-4A2A-9AC6-6519C4044B33}.Debug|x64.ActiveCfg = Debug|x64
		{D4AE271E-700D-4A2A-9AC6-6519C4044B33}.Debug|x64.Build.0 = Debug|x64
		{D4AE271E-700D-4A2A-9AC6-6519C4044B33}.Debug|x86.ActiveCfg = Debug|Win32
		{D4AE271E-700D-4A2A-9AC6-6519C4044B33}.Debug|x86.Build.0 = Debug|Win32
		{D4AE271E-700D-4A2A-9AC6-6519C4044B33}.Release|x64.ActiveCfg = Release|x64
		{D4AE271E-700D-4A2A-9AC6-6519C4044B33}.Release|x64.Build.0 = Release|x64
		{D4AE271E-700D-4A2A-9AC6-6519C4044B33}.Release|x86.ActiveCfg = Release|Win32
		{D4AE271E-700D-4A2A-9AC6-6519C4044B33}.Release|x86.Build.0 = Release|Win32
		{FC71E67A-2CAA-4FEB-8487-04DD86A99150}.Debug|x64.ActiveCfg = Debug|x64
		{FC71E67A-2CAA-4FEB-8487-04DD86A99150}.Debug|x64.Build.0 = Debug|x64
		{FC71E67A-2CAA-4FEB-8487-04DD86A99150}.Debug|x86.ActiveCfg = Debug|Win32
		{FC71E67A-2CAA-4FEB-8487-04DD86A99150}.Debug|x86.Build.0 = Debug|Win32
		{FC71E67A-2CAA-4FEB-8487-04DD86A99150}.Release|x64.ActiveCfg = Release|x64
		{FC71E67A-2CAA-4FEB-8487-04DD86A99150}.Release|x64.Build.0 = Release|x64
		{FC71E67A-2CAA-4FEB-8487-04DD86A99150}.Release|x86.ActiveCfg = Release|Win32
		{FC71E67A-2CAA-4FEB-8487-04DD86A99150}.Release|x86.Build.0 = Release|Win32
		{E6B039FB-BBC1-4A61-A191-236079B7DDF3}.Debug|x64.ActiveCfg = Debug|x64
		{E6B039FB-BBC1-4A61-A191-236079B7DDF3}.Debug|x64.Build.0 = Debug|x64
		{E6B039FB-BBC1-4A61-A191-236079B7DDF3}.Debug|x86.ActiveCfg = Debug|Win32
		{E6B039FB-BBC1-4A61-A191-236079B7DDF3}.Debug|x86.Build.0 = Debug|Win32
		{E6B039FB-BBC1-4A61-A191-236079B7DDF3}.Release|x64.ActiveCfg = Release|x64
		{E6B039FB-BBC1-4A61-A191-236079B7DDF3}.Release|x64.Build.0 = Release|x64
		{E6B039FB-BBC1-4A61-A191-236079B7DDF3}.Release|x86.ActiveCfg = Release|Win32
		{E6B039FB-BBC1-4A61-A191-236079B7DDF3}.Release|x86.Build.0 = Release|Win32
		{36056E11-7494-48A7-8564-E6EBDFE96D85}.Debug|x64.ActiveCfg = Debug|x64
		{36056E11-7494-48A7-8564-E6EBDFE96D85}.Debug|x64.Build.0 = Debug|x64
		{36056E11-7494-48A7-8564-E6EBDFE96D85}.Debug|x86.ActiveCfg = Debug|Win32
		{36056E11-7494-48A7-8564-E6EBDFE96D85}.Debug|x86.Build.0 = Debug|Win32
		{36056E11-7494-48A7-8564-E6EBDFE96D85}.Release|x64.ActiveCfg = Release|x64
		{36056E11-7494-48A7-8564-E6EBDFE96D85}.Release|x64.Build.0 = Release|x64
		{36056E11-7494-48A7-8564-E6EBDFE96D85}.Release|x86.ActiveCfg = Release|Win32
		{36056E11-7494-48A7-8564-E6EBDFE96D85}.Release|x86.Build.0 = Release|Win32
		{638A3D54-CA6B-48C3-8E62-C0160EB7BEAC}.Debug|x64.ActiveCfg = Debug|x64
		{638A3D54-CA6B-48C3-8E62-C0160EB7BEAC}.Debug|x64.Build.0 = Debug|x64
		{638A3D54-CA6B-48C3-8E62-C0160EB7BEAC}.Debug|x86.ActiveCfg = Debug|Win32
		{638A3D54-CA6B-48C3-8E62-C0160EB7BEAC}.Debug|x86.Build.0 = Debug|Win32
		{638A3D54-CA6B-48C3-8E62-C0160EB7BEAC}.Release|x64.ActiveCfg = Release|x64
		{638A3D54-CA6B-48C3-8E62-C0160EB7BEAC}.Release|x64.Build.0 = Release|x64
		{638A3D54-CA6B-48C3-8E62-C0160EB7BEAC}.Release|x86.ActiveCfg = Release|Win32
		{638A3D54-CA6B-48C3-8E62-C0160EB7BEAC}.Release|x86.Build.0 = Release|Win32
		{24DA3900-478C-4E3C-AD90-EB0C5B6DC502}.Debug|x64.ActiveCfg = Debug|x64
		{24DA3900-478C-4E3C-AD90-EB0C5B6DC502}.Debug|x64.Build.0 = Debug|x64
		{24DA3900-478C-4E3C-AD90-EB0C5B6DC502}.Debug|x86.ActiveCfg = Debug|Win32
		{24DA3900-478C-4E3C-AD90-EB0C5B6DC502}.Debug|x86.Build.0 = Debug|Win32
		{24DA3900-478C-4E3C-AD90-EB0C5B6DC502}.Release|x64.ActiveCfg = Release|x64
		{24DA3900-478C-4E3C-AD90-EB0C5B6DC502}.Release|x64.Build.0 = Release|x64
		{24DA3900-478C-4E3C-AD90-EB0C5B6DC502}.Release|x86.ActiveCfg = Release|Win32
		{24DA3900-478C-4E3C-AD90-EB0C5B6DC502}.Release|x86.Build.0 = Release|Win32
	EndGlobalSection
	GlobalSection(SolutionProperties) = preSolution
		HideSolutionNode = FALSE
	EndGlobalSection
EndGlobal
